github.com/gofiber/fiber/v2 v2.52.5 h1:tWoP1MJQjGEe4GB5TUGOi7P2E0ZMMRx5ZTG4rT+yGMo=
github.com/gofiber/fiber/v2 v2.52.5/go.mod h1:KEOE+cXMhXG0zHc9d8+E38hoX+ZN7bhOtgeF2oT6jrQ=
github.com/valyala/bytebufferpool v1.0.0 h1:GqA5TC/0021Y/b9FG4Oi9Mr3q7XYx6KllzawFIhcdPw=
github.com/valyala/bytebufferpool v1.0.0/go.mod h1:6bBcMArwyJ5K/AmCkWv1jt77kVWyCJ6HpOuEn7z0Csc=
